
Microsoft Visual Studio Solution File, Format Version 12.00
# Visual Studio 15
VisualStudioVersion = 15.0.26403.0
MinimumVisualStudioVersion = 10.0.40219.1
Project("{FAE04EC0-301F-11D3-BF4B-00C04F79EFBC}") = "MusicHub", "MusicHub\MusicHub.csproj", "{5E3F9589-3262-4EAA-B3C1-1EAF7415F478}"
EndProject
Project("{FAE04EC0-301F-11D3-BF4B-00C04F79EFBC}") = "MusicHub.Tests", "MusicHub.Tests\MusicHub.Tests.csproj", "{15AC6F8B-0C64-4B85-B6E7-DEB5D5615E33}"
EndProject
Global
	GlobalSection(SolutionConfigurationPlatforms) = preSolution
		Debug|Any CPU = Debug|Any CPU
		Release|Any CPU = Release|Any CPU
	EndGlobalSection
	GlobalSection(ProjectConfigurationPlatforms) = postSolution
		{5E3F9589-3262-4EAA-B3C1-1EAF7415F478}.Debug|Any CPU.ActiveCfg = Debug|Any CPU
		{5E3F9589-3262-4EAA-B3C1-1EAF7415F478}.Debug|Any CPU.Build.0 = Debug|Any CPU
		{5E3F9589-3262-4EAA-B3C1-1EAF7415F478}.Release|Any CPU.ActiveCfg = Release|Any CPU
		{5E3F9589-3262-4EAA-B3C1-1EAF7415F478}.Release|Any CPU.Build.0 = Release|Any CPU
		{15AC6F8B-0C64-4B85-B6E7-DEB5D5615E33}.Debug|Any CPU.ActiveCfg = Debug|Any CPU
		{15AC6F8B-0C64-4B85-B6E7-DEB5D5615E33}.Debug|Any CPU.Build.0 = Debug|Any CPU
		{15AC6F8B-0C64-4B85-B6E7-DEB5D5615E33}.Release|Any CPU.ActiveCfg = Release|Any CPU
		{15AC6F8B-0C64-4B85-B6E7-DEB5D5615E33}.Release|Any CPU.Build.0 = Release|Any CPU
	EndGlobalSection
	GlobalSection(SolutionProperties) = preSolution
		HideSolutionNode = FALSE
	EndGlobalSection
EndGlobal
